
Microsoft Visual Studio Solution File, Format Version 12.00
# Visual Studio 15
VisualStudioVersion = 15.0.27130.2027
MinimumVisualStudioVersion = 10.0.40219.1
Project("{FAE04EC0-301F-11D3-BF4B-00C04F79EFBC}") = "TaskEmployee", "TaskEmployee\TaskEmployee.csproj", "{6F2C5DEC-162F-4AB6-A56E-E55095DEF65B}"
EndProject
Global
	GlobalSection(SolutionConfigurationPlatforms) = preSolution
		Debug|Any CPU = Debug|Any CPU
		Release|Any CPU = Release|Any CPU
	EndGlobalSection
	GlobalSection(ProjectConfigurationPlatforms) = postSolution
		{6F2C5DEC-162F-4AB6-A56E-E55095DEF65B}.Debug|Any CPU.ActiveCfg = Debug|Any CPU
		{6F2C5DEC-162F-4AB6-A56E-E55095DEF65B}.Debug|Any CPU.Build.0 = Debug|Any CPU
		{6F2C5DEC-162F-4AB6-A56E-E55095DEF65B}.Release|Any CPU.ActiveCfg = Release|Any CPU
		{6F2C5DEC-162F-4AB6-A56E-E55095DEF65B}.Release|Any CPU.Build.0 = Release|Any CPU
	EndGlobalSection
	GlobalSection(SolutionProperties) = preSolution
		HideSolutionNode = FALSE
	EndGlobalSection
	GlobalSection(ExtensibilityGlobals) = postSolution
		SolutionGuid = {5F1D25BE-4D67-4805-837F-9E6A7BEDD2C5}
	EndGlobalSection
EndGlobal
