
Microsoft Visual Studio Solution File, Format Version 12.00
# Visual Studio 15
VisualStudioVersion = 15.0.26730.16
MinimumVisualStudioVersion = 10.0.40219.1
Project("{FAE04EC0-301F-11D3-BF4B-00C04F79EFBC}") = "TaskPerson", "TaskPerson\TaskPerson.csproj", "{CDB5EF81-1B53-44E4-882C-666AB0909B47}"
EndProject
Global
	GlobalSection(SolutionConfigurationPlatforms) = preSolution
		Debug|Any CPU = Debug|Any CPU
		Release|Any CPU = Release|Any CPU
	EndGlobalSection
	GlobalSection(ProjectConfigurationPlatforms) = postSolution
		{CDB5EF81-1B53-44E4-882C-666AB0909B47}.Debug|Any CPU.ActiveCfg = Debug|Any CPU
		{CDB5EF81-1B53-44E4-882C-666AB0909B47}.Debug|Any CPU.Build.0 = Debug|Any CPU
		{CDB5EF81-1B53-44E4-882C-666AB0909B47}.Release|Any CPU.ActiveCfg = Release|Any CPU
		{CDB5EF81-1B53-44E4-882C-666AB0909B47}.Release|Any CPU.Build.0 = Release|Any CPU
	EndGlobalSection
	GlobalSection(SolutionProperties) = preSolution
		HideSolutionNode = FALSE
	EndGlobalSection
	GlobalSection(ExtensibilityGlobals) = postSolution
		SolutionGuid = {448FAA8A-25CD-4FBD-9A0D-51389486755C}
	EndGlobalSection
EndGlobal
